// !$*UTF8*$!
{
	archiveVersion = 1;
	classes = {
	};
	objectVersion = 77;
	objects = {

/* Begin PBXBuildFile section */
		62CC4BF02F6C8CF9008FE0B8 /* Supabase in Frameworks */ = {isa = PBXBuildFile; productRef = 62CC4B312F6C6491008FE0B8 /* Supabase */; };
/* End PBXBuildFile section */

/* Begin PBXContainerItemProxy section */
		62CC4B0E2F6C6491008FE0B8 /* PBXContainerItemProxy */ = {
			isa = PBXContainerItemProxy;
			containerPortal = 62CC4AF62F6C6490008FE0B8 /* Project object */;
			proxyType = 1;
			remoteGlobalIDString = 62CC4AFD2F6C6490008FE0B8;
			remoteInfo = FinestFinder;
		};
		62CC4B182F6C6491008FE0B8 /* PBXContainerItemProxy */ = {
			isa = PBXContainerItemProxy;
			containerPortal = 62CC4AF62F6C6490008FE0B8 /* Project object */;
			proxyType = 1;
			remoteGlobalIDString = 62CC4AFD2F6C6490008FE0B8;
			remoteInfo = FinestFinder;
		};
/* End PBXContainerItemProxy section */

/* Begin PBXFileReference section */
		62CC4AFE2F6C6490008FE0B8 /* FinestFinder.app */ = {isa = PBXFileReference; explicitFileType = wrapper.application; includeInIndex = 0; path = FinestFinder.app; sourceTree = BUILT_PRODUCTS_DIR; };
		62CC4B0D2F6C6491008FE0B8 /* FinestFinderTests.xctest */ = {isa = PBXFileReference; explicitFileType = wrapper.cfbundle; includeInIndex = 0; path = FinestFinderTests.xctest; sourceTree = BUILT_PRODUCTS_DIR; };
		62CC4B172F6C6491008FE0B8 /* FinestFinderUITests.xctest */ = {isa = PBXFileReference; explicitFileType = wrapper.cfbundle; includeInIndex = 0; path = FinestFinderUITests.xctest; sourceTree = BUILT_PRODUCTS_DIR; };
/* End PBXFileReference section */

/* Begin PBXFileSystemSynchronizedRootGroup section */
		62CC4B002F6C6490008FE0B8 /* FinestFinder */ = {
			isa = PBXFileSystemSynchronizedRootGroup;
			path = FinestFinder;
			sourceTree = "<group>";
		};
		62CC4B102F6C6491008FE0B8 /* FinestFinderTests */ = {
			isa = PBXFileSystemSynchronizedRootGroup;
			path = FinestFinderTests;
			sourceTree = "<group>";
		};
		62CC4B1A2F6C6491008FE0B8 /* FinestFinderUITests */ = {
			isa = PBXFileSystemSynchronizedRootGroup;
			path = FinestFinderUITests;
			sourceTree = "<group>";
		};
/* End PBXFileSystemSynchronizedRootGroup section */

/* Begin PBXFrameworksBuildPhase section */
		62CC4AFB2F6C6490008FE0B8 /* Frameworks */ = {
			isa = PBXFrameworksBuildPhase;
			buildActionMask = 2147483647;
			files = (
				62CC4BF02F6C8CF9008FE0B8 /* Supabase in Frameworks */,
			);
			runOnlyForDeploymentPostprocessing = 0;
		};
		62CC4B0A2F6C6491008FE0B8 /* Frameworks */ = {
			isa = PBXFrameworksBuildPhase;
			buildActionMask = 2147483647;
			files = (
			);
			runOnlyForDeploymentPostprocessing = 0;
		};
		62CC4B142F6C6491008FE0B8 /* Frameworks */ = {
			isa = PBXFrameworksBuildPhase;
			buildActionMask = 2147483647;
			files = (
			);
			runOnlyForDeploymentPostprocessing = 0;
		};
/* End PBXFrameworksBuildPhase section */

/* Begin PBXGroup section */
		62CC4AF52F6C6490008FE0B8 = {
			isa = PBXGroup;
			children = (
				62CC4B002F6C6490008FE0B8 /* FinestFinder */,
				62CC4B102F6C6491008FE0B8 /* FinestFinderTests */,
				62CC4B1A2F6C6491008FE0B8 /* FinestFinderUITests */,
				62CC4AFF2F6C6490008FE0B8 /* Products */,
			);
			sourceTree = "<group>";
		};
		62CC4AFF2F6C6490008FE0B8 /* Products */ = {
			isa = PBXGroup;
			children = (
				62CC4AFE2F6C6490008FE0B8 /* FinestFinder.app */,
				62CC4B0D2F6C6491008FE0B8 /* FinestFinderTests.xctest */,
				62CC4B172F6C6491008FE0B8 /* FinestFinderUITests.xctest */,
			);
			name = Products;
			sourceTree = "<group>";
		};
/* End PBXGroup section */

/* Begin PBXNativeTarget section */
		62CC4AFD2F6C6490008FE0B8 /* FinestFinder */ = {
			isa = PBXNativeTarget;
			buildConfigurationList = 62CC4B212F6C6491008FE0B8 /* Build configuration list for PBXNativeTarget "FinestFinder" */;
			buildPhases = (
				62CC4AFA2F6C6490008FE0B8 /* Sources */,
				62CC4AFB2F6C6490008FE0B8 /* Frameworks */,
				62CC4AFC2F6C6490008FE0B8 /* Resources */,
			);
			buildRules = (
			);
			dependencies = (
			);
			fileSystemSynchronizedGroups = (
				62CC4B002F6C6490008FE0B8 /* FinestFinder */,
			);
			name = FinestFinder;
			packageProductDependencies = (
				62CC4B312F6C6491008FE0B8 /* Supabase */,
			);
			productName = FinestFinder;
			productReference = 62CC4AFE2F6C6490008FE0B8 /* FinestFinder.app */;
			productType = "com.apple.product-type.application";
		};
		62CC4B0C2F6C6491008FE0B8 /* FinestFinderTests */ = {
			isa = PBXNativeTarget;
			buildConfigurationList = 62CC4B242F6C6491008FE0B8 /* Build configuration list for PBXNativeTarget "FinestFinderTests" */;
			buildPhases = (
				62CC4B092F6C6491008FE0B8 /* Sources */,
				62CC4B0A2F6C6491008FE0B8 /* Frameworks */,
				62CC4B0B2F6C6491008FE0B8 /* Resources */,
			);
			buildRules = (
			);
			dependencies = (
				62CC4B0F2F6C6491008FE0B8 /* PBXTargetDependency */,
			);
			fileSystemSynchronizedGroups = (
				62CC4B102F6C6491008FE0B8 /* FinestFinderTests */,
			);
			name = FinestFinderTests;
			packageProductDependencies = (
			);
			productName = FinestFinderTests;
			productReference = 62CC4B0D2F6C6491008FE0B8 /* FinestFinderTests.xctest */;
			productType = "com.apple.product-type.bundle.unit-test";
		};
		62CC4B162F6C6491008FE0B8 /* FinestFinderUITests */ = {
			isa = PBXNativeTarget;
			buildConfigurationList = 62CC4B272F6C6491008FE0B8 /* Build configuration list for PBXNativeTarget "FinestFinderUITests" */;
			buildPhases = (
				62CC4B132F6C6491008FE0B8 /* Sources */,
				62CC4B142F6C6491008FE0B8 /* Frameworks */,
				62CC4B152F6C6491008FE0B8 /* Resources */,
			);
			buildRules = (
			);
			dependencies = (
				62CC4B192F6C6491008FE0B8 /* PBXTargetDependency */,
			);
			fileSystemSynchronizedGroups = (
				62CC4B1A2F6C6491008FE0B8 /* FinestFinderUITests */,
			);
			name = FinestFinderUITests;
			packageProductDependencies = (
			);
			productName = FinestFinderUITests;
			productReference = 62CC4B172F6C6491008FE0B8 /* FinestFinderUITests.xctest */;
			productType = "com.apple.product-type.bundle.ui-testing";
		};
/* End PBXNativeTarget section */

/* Begin PBXProject section */
		62CC4AF62F6C6490008FE0B8 /* Project object */ = {
			isa = PBXProject;
			attributes = {
				BuildIndependentTargetsInParallel = 1;
				LastSwiftUpdateCheck = 2630;
				LastUpgradeCheck = 2630;
				TargetAttributes = {
					62CC4AFD2F6C6490008FE0B8 = {
						CreatedOnToolsVersion = 26.3;
					};
					62CC4B0C2F6C6491008FE0B8 = {
						CreatedOnToolsVersion = 26.3;
						TestTargetID = 62CC4AFD2F6C6490008FE0B8;
					};
					62CC4B162F6C6491008FE0B8 = {
						CreatedOnToolsVersion = 26.3;
						TestTargetID = 62CC4AFD2F6C6490008FE0B8;
					};
				};
			};
			buildConfigurationList = 62CC4AF92F6C6490008FE0B8 /* Build configuration list for PBXProject "MAMPF" */;
			developmentRegion = en;
			hasScannedForEncodings = 0;
			knownRegions = (
				en,
				Base,
			);
			mainGroup = 62CC4AF52F6C6490008FE0B8;
			minimizedProjectReferenceProxies = 1;
			packageReferences = (
				62CC4B302F6C6491008FE0B8 /* XCRemoteSwiftPackageReference "supabase-swift" */,
			);
			preferredProjectObjectVersion = 77;
			productRefGroup = 62CC4AFF2F6C6490008FE0B8 /* Products */;
			projectDirPath = "";
			projectRoot = "";
			targets = (
				62CC4AFD2F6C6490008FE0B8 /* FinestFinder */,
				62CC4B0C2F6C6491008FE0B8 /* FinestFinderTests */,
				62CC4B162F6C6491008FE0B8 /* FinestFinderUITests */,
			);
		};
/* End PBXProject section */

/* Begin PBXResourcesBuildPhase section */
		62CC4AFC2F6C6490008FE0B8 /* Resources */ = {
			isa = PBXResourcesBuildPhase;
			buildActionMask = 2147483647;
			files = (
			);
			runOnlyForDeploymentPostprocessing = 0;
		};
		62CC4B0B2F6C6491008FE0B8 /* Resources */ = {
			isa = PBXResourcesBuildPhase;
			buildActionMask = 2147483647;
			files = (
			);
			runOnlyForDeploymentPostprocessing = 0;
		};
		62CC4B152F6C6491008FE0B8 /* Resources */ = {
			isa = PBXResourcesBuildPhase;
			buildActionMask = 2147483647;
			files = (
			);
			runOnlyForDeploymentPostprocessing = 0;
		};
/* End PBXResourcesBuildPhase section */

/* Begin PBXSourcesBuildPhase section */
		62CC4AFA2F6C6490008FE0B8 /* Sources */ = {
			isa = PBXSourcesBuildPhase;
			buildActionMask = 2147483647;
			files = (
			);
			runOnlyForDeploymentPostprocessing = 0;
		};
		62CC4B092F6C6491008FE0B8 /* Sources */ = {
			isa = PBXSourcesBuildPhase;
			buildActionMask = 2147483647;
			files = (
			);
			runOnlyForDeploymentPostprocessing = 0;
		};
		62CC4B132F6C6491008FE0B8 /* Sources */ = {
			isa = PBXSourcesBuildPhase;
			buildActionMask = 2147483647;
			files = (
			);
			runOnlyForDeploymentPostprocessing = 0;
		};
/* End PBXSourcesBuildPhase section */

/* Begin PBXTargetDependency section */
		62CC4B0F2F6C6491008FE0B8 /* PBXTargetDependency */ = {
			isa = PBXTargetDependency;
			target = 62CC4AFD2F6C6490008FE0B8 /* FinestFinder */;
			targetProxy = 62CC4B0E2F6C6491008FE0B8 /* PBXContainerItemProxy */;
		};
		62CC4B192F6C6491008FE0B8 /* PBXTargetDependency */ = {
			isa = PBXTargetDependency;
			target = 62CC4AFD2F6C6490008FE0B8 /* FinestFinder */;
			targetProxy = 62CC4B182F6C6491008FE0B8 /* PBXContainerItemProxy */;
		};
/* End PBXTargetDependency section */

/* Begin XCBuildConfiguration section */
		62CC4B1F2F6C6491008FE0B8 /* Debug */ = {
			isa = XCBuildConfiguration;
			buildSettings = {
				ALWAYS_SEARCH_USER_PATHS = NO;
				ASSETCATALOG_COMPILER_GENERATE_SWIFT_ASSET_SYMBOL_EXTENSIONS = YES;
				CLANG_ANALYZER_NONNULL = YES;
				CLANG_ANALYZER_NUMBER_OBJECT_CONVERSION = YES_AGGRESSIVE;
				CLANG_CXX_LANGUAGE_STANDARD = "gnu++20";
				CLANG_ENABLE_MODULES = YES;
				CLANG_ENABLE_OBJC_ARC = YES;
				CLANG_ENABLE_OBJC_WEAK = YES;
				CLANG_WARN_BLOCK_CAPTURE_AUTORELEASING = YES;
				CLANG_WARN_BOOL_CONVERSION = YES;
				CLANG_WARN_COMMA = YES;
				CLANG_WARN_CONSTANT_CONVERSION = YES;
				CLANG_WARN_DEPRECATED_OBJC_IMPLEMENTATIONS = YES;
				CLANG_WARN_DIRECT_OBJC_ISA_USAGE = YES_ERROR;
				CLANG_WARN_DOCUMENTATION_COMMENTS = YES;
				CLANG_WARN_EMPTY_BODY = YES;
				CLANG_WARN_ENUM_CONVERSION = YES;
				CLANG_WARN_INFINITE_RECURSION = YES;
				CLANG_WARN_INT_CONVERSION = YES;
				CLANG_WARN_NON_LITERAL_NULL_CONVERSION = YES;
				CLANG_WARN_OBJC_IMPLICIT_RETAIN_SELF = YES;
				CLANG_WARN_OBJC_LITERAL_CONVERSION = YES;
				CLANG_WARN_OBJC_ROOT_CLASS = YES_ERROR;
				CLANG_WARN_QUOTED_INCLUDE_IN_FRAMEWORK_HEADER = YES;
				CLANG_WARN_RANGE_LOOP_ANALYSIS = YES;
				CLANG_WARN_STRICT_PROTOTYPES = YES;
				CLANG_WARN_SUSPICIOUS_MOVE = YES;
				CLANG_WARN_UNGUARDED_AVAILABILITY = YES_AGGRESSIVE;
				CLANG_WARN_UNREACHABLE_CODE = YES;
				CLANG_WARN__DUPLICATE_METHOD_MATCH = YES;
				COPY_PHASE_STRIP = NO;
				DEBUG_INFORMATION_FORMAT = dwarf;
				DEVELOPMENT_TEAM = R88H3NP94S;
				ENABLE_STRICT_OBJC_MSGSEND = YES;
				ENABLE_TESTABILITY = YES;
				ENABLE_USER_SCRIPT_SANDBOXING = YES;
				GCC_C_LANGUAGE_STANDARD = gnu17;
				GCC_DYNAMIC_NO_PIC = NO;
				GCC_NO_COMMON_BLOCKS = YES;
				GCC_OPTIMIZATION_LEVEL = 0;
				GCC_PREPROCESSOR_DEFINITIONS = (
					"DEBUG=1",
					"$(inherited)",
				);
				GCC_WARN_64_TO_32_BIT_CONVERSION = YES;
				GCC_WARN_ABOUT_RETURN_TYPE = YES_ERROR;
				GCC_WARN_UNDECLARED_SELECTOR = YES;
				GCC_WARN_UNINITIALIZED_AUTOS = YES_AGGRESSIVE;
				GCC_WARN_UNUSED_FUNCTION = YES;
				GCC_WARN_UNUSED_VARIABLE = YES;
				IPHONEOS_DEPLOYMENT_TARGET = 26.2;
				LOCALIZATION_PREFERS_STRING_CATALOGS = YES;
				MTL_ENABLE_DEBUG_INFO = INCLUDE_SOURCE;
				MTL_FAST_MATH = YES;
				ONLY_ACTIVE_ARCH = YES;
				SDKROOT = iphoneos;
				SWIFT_ACTIVE_COMPILATION_CONDITIONS = "DEBUG $(inherited)";
				SWIFT_OPTIMIZATION_LEVEL = "-Onone";
			};
			name = Debug;
		};
		62CC4B202F6C6491008FE0B8 /* Release */ = {
			isa = XCBuildConfiguration;
			buildSettings = {
				ALWAYS_SEARCH_USER_PATHS = NO;
				ASSETCATALOG_COMPILER_GENERATE_SWIFT_ASSET_SYMBOL_EXTENSIONS = YES;
				CLANG_ANALYZER_NONNULL = YES;
				CLANG_ANALYZER_NUMBER_OBJECT_CONVERSION = YES_AGGRESSIVE;
				CLANG_CXX_LANGUAGE_STANDARD = "gnu++20";
				CLANG_ENABLE_MODULES = YES;
				CLANG_ENABLE_OBJC_ARC = YES;
				CLANG_ENABLE_OBJC_WEAK = YES;
				CLANG_WARN_BLOCK_CAPTURE_AUTORELEASING = YES;
				CLANG_WARN_BOOL_CONVERSION = YES;
				CLANG_WARN_COMMA = YES;
				CLANG_WARN_CONSTANT_CONVERSION = YES;
				CLANG_WARN_DEPRECATED_OBJC_IMPLEMENTATIONS = YES;
				CLANG_WARN_DIRECT_OBJC_ISA_USAGE = YES_ERROR;
				CLANG_WARN_DOCUMENTATION_COMMENTS = YES;
				CLANG_WARN_EMPTY_BODY = YES;
				CLANG_WARN_ENUM_CONVERSION = YES;
				CLANG_WARN_INFINITE_RECURSION = YES;
				CLANG_WARN_INT_CONVERSION = YES;
				CLANG_WARN_NON_LITERAL_NULL_CONVERSION = YES;
				CLANG_WARN_OBJC_IMPLICIT_RETAIN_SELF = YES;
				CLANG_WARN_OBJC_LITERAL_CONVERSION = YES;
				CLANG_WARN_OBJC_ROOT_CLASS = YES_ERROR;
				CLANG_WARN_QUOTED_INCLUDE_IN_FRAMEWORK_HEADER = YES;
				CLANG_WARN_RANGE_LOOP_ANALYSIS = YES;
				CLANG_WARN_STRICT_PROTOTYPES = YES;
				CLANG_WARN_SUSPICIOUS_MOVE = YES;
				CLANG_WARN_UNGUARDED_AVAILABILITY = YES_AGGRESSIVE;
				CLANG_WARN_UNREACHABLE_CODE = YES;
				CLANG_WARN__DUPLICATE_METHOD_MATCH = YES;
				COPY_PHASE_STRIP = NO;
				DEBUG_INFORMATION_FORMAT = "dwarf-with-dsym";
				DEVELOPMENT_TEAM = R88H3NP94S;
				ENABLE_NS_ASSERTIONS = NO;
				ENABLE_STRICT_OBJC_MSGSEND = YES;
				ENABLE_USER_SCRIPT_SANDBOXING = YES;
				GCC_C_LANGUAGE_STANDARD = gnu17;
				GCC_NO_COMMON_BLOCKS = YES;
				GCC_WARN_64_TO_32_BIT_CONVERSION = YES;
				GCC_WARN_ABOUT_RETURN_TYPE = YES_ERROR;
				GCC_WARN_UNDECLARED_SELECTOR = YES;
				GCC_WARN_UNINITIALIZED_AUTOS = YES_AGGRESSIVE;
				GCC_WARN_UNUSED_FUNCTION = YES;
				GCC_WARN_UNUSED_VARIABLE = YES;
				IPHONEOS_DEPLOYMENT_TARGET = 26.2;
				LOCALIZATION_PREFERS_STRING_CATALOGS = YES;
				MTL_ENABLE_DEBUG_INFO = NO;
				MTL_FAST_MATH = YES;
				SDKROOT = iphoneos;
				SWIFT_COMPILATION_MODE = wholemodule;
				VALIDATE_PRODUCT = YES;
			};
			name = Release;
		};
		62CC4B222F6C6491008FE0B8 /* Debug */ = {
			isa = XCBuildConfiguration;
			buildSettings = {
				ASSETCATALOG_COMPILER_APPICON_NAME = AppIcon;
				ASSETCATALOG_COMPILER_GLOBAL_ACCENT_COLOR_NAME = AccentColor;
				CODE_SIGN_STYLE = Automatic;
				CURRENT_PROJECT_VERSION = 1;
				DEVELOPMENT_TEAM = R88H3NP94S;
				ENABLE_PREVIEWS = YES;
				GENERATE_INFOPLIST_FILE = YES;
				INFOPLIST_KEY_CFBundleDisplayName = MAMPF;
				INFOPLIST_KEY_NSLocationWhenInUseUsageDescription = "MAMPF zeigt deinen Standort auf der Karte, um Restaurants in deiner Nähe zu finden.";
				INFOPLIST_KEY_UIApplicationSceneManifest_Generation = YES;
				INFOPLIST_KEY_UIApplicationSupportsIndirectInputEvents = YES;
				INFOPLIST_KEY_UILaunchScreen_Generation = YES;
				INFOPLIST_KEY_UISupportedInterfaceOrientations_iPad = "UIInterfaceOrientationPortrait UIInterfaceOrientationPortraitUpsideDown UIInterfaceOrientationLandscapeLeft UIInterfaceOrientationLandscapeRight";
				INFOPLIST_KEY_UISupportedInterfaceOrientations_iPhone = "UIInterfaceOrientationPortrait UIInterfaceOrientationLandscapeLeft UIInterfaceOrientationLandscapeRight";
				LD_RUNPATH_SEARCH_PATHS = (
					"$(inherited)",
					"@executable_path/Frameworks",
				);
				MARKETING_VERSION = 1.0;
				PRODUCT_BUNDLE_IDENTIFIER = janhoferichter.FinestFinder;
				PRODUCT_NAME = "$(TARGET_NAME)";
				STRING_CATALOG_GENERATE_SYMBOLS = YES;
				SWIFT_APPROACHABLE_CONCURRENCY = YES;
				SWIFT_DEFAULT_ACTOR_ISOLATION = MainActor;
				SWIFT_EMIT_LOC_STRINGS = YES;
				SWIFT_UPCOMING_FEATURE_MEMBER_IMPORT_VISIBILITY = YES;
				SWIFT_VERSION = 5.0;
				TARGETED_DEVICE_FAMILY = "1,2";
			};
			name = Debug;
		};
		62CC4B232F6C6491008FE0B8 /* Release */ = {
			isa = XCBuildConfiguration;
			buildSettings = {
				ASSETCATALOG_COMPILER_APPICON_NAME = AppIcon;
				ASSETCATALOG_COMPILER_GLOBAL_ACCENT_COLOR_NAME = AccentColor;
				CODE_SIGN_STYLE = Automatic;
				CURRENT_PROJECT_VERSION = 1;
				DEVELOPMENT_TEAM = R88H3NP94S;
				ENABLE_PREVIEWS = YES;
				GENERATE_INFOPLIST_FILE = YES;
				INFOPLIST_KEY_CFBundleDisplayName = MAMPF;
				INFOPLIST_KEY_NSLocationWhenInUseUsageDescription = "MAMPF zeigt deinen Standort auf der Karte, um Restaurants in deiner Nähe zu finden.";
				INFOPLIST_KEY_UIApplicationSceneManifest_Generation = YES;
				INFOPLIST_KEY_UIApplicationSupportsIndirectInputEvents = YES;
				INFOPLIST_KEY_UILaunchScreen_Generation = YES;
				INFOPLIST_KEY_UISupportedInterfaceOrientations_iPad = "UIInterfaceOrientationPortrait UIInterfaceOrientationPortraitUpsideDown UIInterfaceOrientationLandscapeLeft UIInterfaceOrientationLandscapeRight";
				INFOPLIST_KEY_UISupportedInterfaceOrientations_iPhone = "UIInterfaceOrientationPortrait UIInterfaceOrientationLandscapeLeft UIInterfaceOrientationLandscapeRight";
				LD_RUNPATH_SEARCH_PATHS = (
					"$(inherited)",
					"@executable_path/Frameworks",
				);
				MARKETING_VERSION = 1.0;
				PRODUCT_BUNDLE_IDENTIFIER = janhoferichter.FinestFinder;
				PRODUCT_NAME = "$(TARGET_NAME)";
				STRING_CATALOG_GENERATE_SYMBOLS = YES;
				SWIFT_APPROACHABLE_CONCURRENCY = YES;
				SWIFT_DEFAULT_ACTOR_ISOLATION = MainActor;
				SWIFT_EMIT_LOC_STRINGS = YES;
				SWIFT_UPCOMING_FEATURE_MEMBER_IMPORT_VISIBILITY = YES;
				SWIFT_VERSION = 5.0;
				TARGETED_DEVICE_FAMILY = "1,2";
			};
			name = Release;
		};
		62CC4B252F6C6491008FE0B8 /* Debug */ = {
			isa = XCBuildConfiguration;
			buildSettings = {
				BUNDLE_LOADER = "$(TEST_HOST)";
				CODE_SIGN_STYLE = Automatic;
				CURRENT_PROJECT_VERSION = 1;
				DEVELOPMENT_TEAM = R88H3NP94S;
				GENERATE_INFOPLIST_FILE = YES;
				IPHONEOS_DEPLOYMENT_TARGET = 26.2;
				MARKETING_VERSION = 1.0;
				PRODUCT_BUNDLE_IDENTIFIER = janhoferichter.FinestFinderTests;
				PRODUCT_NAME = "$(TARGET_NAME)";
				STRING_CATALOG_GENERATE_SYMBOLS = NO;
				SWIFT_APPROACHABLE_CONCURRENCY = YES;
				SWIFT_EMIT_LOC_STRINGS = NO;
				SWIFT_UPCOMING_FEATURE_MEMBER_IMPORT_VISIBILITY = YES;
				SWIFT_VERSION = 5.0;
				TARGETED_DEVICE_FAMILY = "1,2";
				TEST_HOST = "$(BUILT_PRODUCTS_DIR)/FinestFinder.app/$(BUNDLE_EXECUTABLE_FOLDER_PATH)/FinestFinder";
			};
			name = Debug;
		};
		62CC4B262F6C6491008FE0B8 /* Release */ = {
			isa = XCBuildConfiguration;
			buildSettings = {
				BUNDLE_LOADER = "$(TEST_HOST)";
				CODE_SIGN_STYLE = Automatic;
				CURRENT_PROJECT_VERSION = 1;
				DEVELOPMENT_TEAM = R88H3NP94S;
				GENERATE_INFOPLIST_FILE = YES;
				IPHONEOS_DEPLOYMENT_TARGET = 26.2;
				MARKETING_VERSION = 1.0;
				PRODUCT_BUNDLE_IDENTIFIER = janhoferichter.FinestFinderTests;
				PRODUCT_NAME = "$(TARGET_NAME)";
				STRING_CATALOG_GENERATE_SYMBOLS = NO;
				SWIFT_APPROACHABLE_CONCURRENCY = YES;
				SWIFT_EMIT_LOC_STRINGS = NO;
				SWIFT_UPCOMING_FEATURE_MEMBER_IMPORT_VISIBILITY = YES;
				SWIFT_VERSION = 5.0;
				TARGETED_DEVICE_FAMILY = "1,2";
				TEST_HOST = "$(BUILT_PRODUCTS_DIR)/FinestFinder.app/$(BUNDLE_EXECUTABLE_FOLDER_PATH)/FinestFinder";
			};
			name = Release;
		};
		62CC4B282F6C6491008FE0B8 /* Debug */ = {
			isa = XCBuildConfiguration;
			buildSettings = {
				CODE_SIGN_STYLE = Automatic;
				CURRENT_PROJECT_VERSION = 1;
				DEVELOPMENT_TEAM = R88H3NP94S;
				GENERATE_INFOPLIST_FILE = YES;
				MARKETING_VERSION = 1.0;
				PRODUCT_BUNDLE_IDENTIFIER = janhoferichter.FinestFinderUITests;
				PRODUCT_NAME = "$(TARGET_NAME)";
				STRING_CATALOG_GENERATE_SYMBOLS = NO;
				SWIFT_APPROACHABLE_CONCURRENCY = YES;
				SWIFT_EMIT_LOC_STRINGS = NO;
				SWIFT_UPCOMING_FEATURE_MEMBER_IMPORT_VISIBILITY = YES;
				SWIFT_VERSION = 5.0;
				TARGETED_DEVICE_FAMILY = "1,2";
				TEST_TARGET_NAME = FinestFinder;
			};
			name = Debug;
		};
		62CC4B292F6C6491008FE0B8 /* Release */ = {
			isa = XCBuildConfiguration;
			buildSettings = {
				CODE_SIGN_STYLE = Automatic;
				CURRENT_PROJECT_VERSION = 1;
				DEVELOPMENT_TEAM = R88H3NP94S;
				GENERATE_INFOPLIST_FILE = YES;
				MARKETING_VERSION = 1.0;
				PRODUCT_BUNDLE_IDENTIFIER = janhoferichter.FinestFinderUITests;
				PRODUCT_NAME = "$(TARGET_NAME)";
				STRING_CATALOG_GENERATE_SYMBOLS = NO;
				SWIFT_APPROACHABLE_CONCURRENCY = YES;
				SWIFT_EMIT_LOC_STRINGS = NO;
				SWIFT_UPCOMING_FEATURE_MEMBER_IMPORT_VISIBILITY = YES;
				SWIFT_VERSION = 5.0;
				TARGETED_DEVICE_FAMILY = "1,2";
				TEST_TARGET_NAME = FinestFinder;
			};
			name = Release;
		};
/* End XCBuildConfiguration section */

/* Begin XCConfigurationList section */
		62CC4AF92F6C6490008FE0B8 /* Build configuration list for PBXProject "MAMPF" */ = {
			isa = XCConfigurationList;
			buildConfigurations = (
				62CC4B1F2F6C6491008FE0B8 /* Debug */,
				62CC4B202F6C6491008FE0B8 /* Release */,
			);
			defaultConfigurationIsVisible = 0;
			defaultConfigurationName = Release;
		};
		62CC4B212F6C6491008FE0B8 /* Build configuration list for PBXNativeTarget "FinestFinder" */ = {
			isa = XCConfigurationList;
			buildConfigurations = (
				62CC4B222F6C6491008FE0B8 /* Debug */,
				62CC4B232F6C6491008FE0B8 /* Release */,
			);
			defaultConfigurationIsVisible = 0;
			defaultConfigurationName = Release;
		};
		62CC4B242F6C6491008FE0B8 /* Build configuration list for PBXNativeTarget "FinestFinderTests" */ = {
			isa = XCConfigurationList;
			buildConfigurations = (
				62CC4B252F6C6491008FE0B8 /* Debug */,
				62CC4B262F6C6491008FE0B8 /* Release */,
			);
			defaultConfigurationIsVisible = 0;
			defaultConfigurationName = Release;
		};
		62CC4B272F6C6491008FE0B8 /* Build configuration list for PBXNativeTarget "FinestFinderUITests" */ = {
			isa = XCConfigurationList;
			buildConfigurations = (
				62CC4B282F6C6491008FE0B8 /* Debug */,
				62CC4B292F6C6491008FE0B8 /* Release */,
			);
			defaultConfigurationIsVisible = 0;
			defaultConfigurationName = Release;
		};
/* End XCConfigurationList section */

/* Begin XCRemoteSwiftPackageReference section */
		62CC4B302F6C6491008FE0B8 /* XCRemoteSwiftPackageReference "supabase-swift" */ = {
			isa = XCRemoteSwiftPackageReference;
			repositoryURL = "https://github.com/supabase/supabase-swift.git";
			requirement = {
				kind = upToNextMajorVersion;
				minimumVersion = 2.0.0;
			};
		};
/* End XCRemoteSwiftPackageReference section */

/* Begin XCSwiftPackageProductDependency section */
		62CC4B312F6C6491008FE0B8 /* Supabase */ = {
			isa = XCSwiftPackageProductDependency;
			package = 62CC4B302F6C6491008FE0B8 /* XCRemoteSwiftPackageReference "supabase-swift" */;
			productName = Supabase;
		};
/* End XCSwiftPackageProductDependency section */
	};
	rootObject = 62CC4AF62F6C6490008FE0B8 /* Project object */;
}
